
Microsoft Visual Studio Solution File, Format Version 12.00
# Visual Studio Version 16
VisualStudioVersion = 16.0.28803.202
MinimumVisualStudioVersion = 10.0.40219.1
Project("{9A19103F-16F7-4668-BE54-9A1E7A4F7556}") = "Vha.Net", "Vha.Net\Vha.Net.csproj", "{7BA3A4CF-1E58-465C-B614-151F8BEA848E}"
EndProject
Project("{9A19103F-16F7-4668-BE54-9A1E7A4F7556}") = "Vha.Common", "Vha.Common\Vha.Common.csproj", "{711F8307-944C-4864-8D5E-0987C87E903A}"
EndProject
Project("{9A19103F-16F7-4668-BE54-9A1E7A4F7556}") = "Vha.Chat", "Vha.Chat\Vha.Chat.csproj", "{4A2AA0D2-EC00-4EAE-B212-625966041F16}"
EndProject
Project("{9A19103F-16F7-4668-BE54-9A1E7A4F7556}") = "Vha.AOML", "Vha.AOML\Vha.AOML.csproj", "{817796E9-C1DC-41EF-A279-8589C732FCFC}"
EndProject
Project("{9A19103F-16F7-4668-BE54-9A1E7A4F7556}") = "Starksoft.Net.Proxy", "Starksoft.Net.Proxy\Starksoft.Net.Proxy.csproj", "{56EB350E-089E-40BB-97CB-F2745A4251AE}"
EndProject
Project("{9A19103F-16F7-4668-BE54-9A1E7A4F7556}") = "Vha.MDB", "Vha.MDB\Vha.MDB.csproj", "{B309DD92-78AE-40DE-89B5-C76C48D874B2}"
EndProject
Project("{2150E333-8FDC-42A3-9474-1A3956D46DE8}") = "CI", "CI", "{7EC89A1F-6137-4F87-8AFF-E348834C1480}"
	ProjectSection(SolutionItems) = preProject
		azure-pipelines.yml = azure-pipelines.yml
		version.json = version.json
	EndProjectSection
EndProject
Global
	GlobalSection(SolutionConfigurationPlatforms) = preSolution
		Debug|Any CPU = Debug|Any CPU
		Release|Any CPU = Release|Any CPU
	EndGlobalSection
	GlobalSection(ProjectConfigurationPlatforms) = postSolution
		{7BA3A4CF-1E58-465C-B614-151F8BEA848E}.Debug|Any CPU.ActiveCfg = Debug|Any CPU
		{7BA3A4CF-1E58-465C-B614-151F8BEA848E}.Debug|Any CPU.Build.0 = Debug|Any CPU
		{7BA3A4CF-1E58-465C-B614-151F8BEA848E}.Release|Any CPU.ActiveCfg = Release|Any CPU
		{7BA3A4CF-1E58-465C-B614-151F8BEA848E}.Release|Any CPU.Build.0 = Release|Any CPU
		{711F8307-944C-4864-8D5E-0987C87E903A}.Debug|Any CPU.ActiveCfg = Debug|Any CPU
		{711F8307-944C-4864-8D5E-0987C87E903A}.Debug|Any CPU.Build.0 = Debug|Any CPU
		{711F8307-944C-4864-8D5E-0987C87E903A}.Release|Any CPU.ActiveCfg = Release|Any CPU
		{711F8307-944C-4864-8D5E-0987C87E903A}.Release|Any CPU.Build.0 = Release|Any CPU
		{4A2AA0D2-EC00-4EAE-B212-625966041F16}.Debug|Any CPU.ActiveCfg = Debug|Any CPU
		{4A2AA0D2-EC00-4EAE-B212-625966041F16}.Debug|Any CPU.Build.0 = Debug|Any CPU
		{4A2AA0D2-EC00-4EAE-B212-625966041F16}.Release|Any CPU.ActiveCfg = Release|Any CPU
		{4A2AA0D2-EC00-4EAE-B212-625966041F16}.Release|Any CPU.Build.0 = Release|Any CPU
		{817796E9-C1DC-41EF-A279-8589C732FCFC}.Debug|Any CPU.ActiveCfg = Debug|Any CPU
		{817796E9-C1DC-41EF-A279-8589C732FCFC}.Debug|Any CPU.Build.0 = Debug|Any CPU
		{817796E9-C1DC-41EF-A279-8589C732FCFC}.Release|Any CPU.ActiveCfg = Release|Any CPU
		{817796E9-C1DC-41EF-A279-8589C732FCFC}.Release|Any CPU.Build.0 = Release|Any CPU
		{56EB350E-089E-40BB-97CB-F2745A4251AE}.Debug|Any CPU.ActiveCfg = Debug|Any CPU
		{56EB350E-089E-40BB-97CB-F2745A4251AE}.Debug|Any CPU.Build.0 = Debug|Any CPU
		{56EB350E-089E-40BB-97CB-F2745A4251AE}.Release|Any CPU.ActiveCfg = Release|Any CPU
		{56EB350E-089E-40BB-97CB-F2745A4251AE}.Release|Any CPU.Build.0 = Release|Any CPU
		{B309DD92-78AE-40DE-89B5-C76C48D874B2}.Debug|Any CPU.ActiveCfg = Debug|Any CPU
		{B309DD92-78AE-40DE-89B5-C76C48D874B2}.Debug|Any CPU.Build.0 = Debug|Any CPU
		{B309DD92-78AE-40DE-89B5-C76C48D874B2}.Release|Any CPU.ActiveCfg = Release|Any CPU
		{B309DD92-78AE-40DE-89B5-C76C48D874B2}.Release|Any CPU.Build.0 = Release|Any CPU
	EndGlobalSection
	GlobalSection(SolutionProperties) = preSolution
		HideSolutionNode = FALSE
	EndGlobalSection
	GlobalSection(ExtensibilityGlobals) = postSolution
		SolutionGuid = {22EC36E6-ECF5-4CA4-BC42-5B6AE687BD43}
	EndGlobalSection
EndGlobal
