
Microsoft Visual Studio Solution File, Format Version 9.00
# Visual Studio 2005
Project("{FAE04EC0-301F-11D3-BF4B-00C04F79EFBC}") = "VhaBot.Net", "VhaBot.Net\VhaBot.Net.csproj", "{7BA3A4CF-1E58-465C-B614-151F8BEA848E}"
	ProjectSection(ProjectDependencies) = postProject
		{711F8307-944C-4864-8D5E-0987C87E903A} = {711F8307-944C-4864-8D5E-0987C87E903A}
	EndProjectSection
EndProject
Project("{FAE04EC0-301F-11D3-BF4B-00C04F79EFBC}") = "VhaBot.Common", "VhaBot.Common\VhaBot.Common.csproj", "{711F8307-944C-4864-8D5E-0987C87E903A}"
EndProject
Project("{FAE04EC0-301F-11D3-BF4B-00C04F79EFBC}") = "BasicBot", "BasicBot\BasicBot.csproj", "{27BED0E5-56E7-4380-A02E-C7DC40AA9FD7}"
EndProject
Project("{FAE04EC0-301F-11D3-BF4B-00C04F79EFBC}") = "VhaBot.Chat", "VhaBot.Chat\VhaBot.Chat.csproj", "{4A2AA0D2-EC00-4EAE-B212-625966041F16}"
EndProject
Global
	GlobalSection(SolutionConfigurationPlatforms) = preSolution
		Debug|Any CPU = Debug|Any CPU
		Release|Any CPU = Release|Any CPU
	EndGlobalSection
	GlobalSection(ProjectConfigurationPlatforms) = postSolution
		{7BA3A4CF-1E58-465C-B614-151F8BEA848E}.Debug|Any CPU.ActiveCfg = Debug|Any CPU
		{7BA3A4CF-1E58-465C-B614-151F8BEA848E}.Debug|Any CPU.Build.0 = Debug|Any CPU
		{7BA3A4CF-1E58-465C-B614-151F8BEA848E}.Release|Any CPU.ActiveCfg = Release|Any CPU
		{7BA3A4CF-1E58-465C-B614-151F8BEA848E}.Release|Any CPU.Build.0 = Release|Any CPU
		{711F8307-944C-4864-8D5E-0987C87E903A}.Debug|Any CPU.ActiveCfg = Debug|Any CPU
		{711F8307-944C-4864-8D5E-0987C87E903A}.Debug|Any CPU.Build.0 = Debug|Any CPU
		{711F8307-944C-4864-8D5E-0987C87E903A}.Release|Any CPU.ActiveCfg = Release|Any CPU
		{711F8307-944C-4864-8D5E-0987C87E903A}.Release|Any CPU.Build.0 = Release|Any CPU
		{27BED0E5-56E7-4380-A02E-C7DC40AA9FD7}.Debug|Any CPU.ActiveCfg = Debug|Any CPU
		{27BED0E5-56E7-4380-A02E-C7DC40AA9FD7}.Debug|Any CPU.Build.0 = Debug|Any CPU
		{27BED0E5-56E7-4380-A02E-C7DC40AA9FD7}.Release|Any CPU.ActiveCfg = Release|Any CPU
		{27BED0E5-56E7-4380-A02E-C7DC40AA9FD7}.Release|Any CPU.Build.0 = Release|Any CPU
		{4A2AA0D2-EC00-4EAE-B212-625966041F16}.Debug|Any CPU.ActiveCfg = Debug|Any CPU
		{4A2AA0D2-EC00-4EAE-B212-625966041F16}.Debug|Any CPU.Build.0 = Debug|Any CPU
		{4A2AA0D2-EC00-4EAE-B212-625966041F16}.Release|Any CPU.ActiveCfg = Release|Any CPU
		{4A2AA0D2-EC00-4EAE-B212-625966041F16}.Release|Any CPU.Build.0 = Release|Any CPU
	EndGlobalSection
	GlobalSection(SolutionProperties) = preSolution
		HideSolutionNode = FALSE
	EndGlobalSection
EndGlobal
